
Microsoft Visual Studio Solution File, Format Version 12.00
# Visual Studio 15
VisualStudioVersion = 15.0.28010.2046
MinimumVisualStudioVersion = 10.0.40219.1
Project("{9A19103F-16F7-4668-BE54-9A1E7A4F7556}") = "MereNear", "MereNear\MereNear\MereNear.csproj", "{B9F0ACA3-4FDD-432C-A91E-93730510D28E}"
EndProject
Project("{FAE04EC0-301F-11D3-BF4B-00C04F79EFBC}") = "MereNear.Android", "MereNear\MereNear.Android\MereNear.Android.csproj", "{0056C72F-FA25-4B44-A0AC-A39924788273}"
EndProject
Project("{FAE04EC0-301F-11D3-BF4B-00C04F79EFBC}") = "MereNear.iOS", "MereNear\MereNear.iOS\MereNear.iOS.csproj", "{C85142E9-6BB5-4032-939D-F41E7A4FBFA2}"
EndProject
Global
	GlobalSection(SolutionConfigurationPlatforms) = preSolution
		Ad-Hoc|Any CPU = Ad-Hoc|Any CPU
		Ad-Hoc|ARM = Ad-Hoc|ARM
		Ad-Hoc|iPhone = Ad-Hoc|iPhone
		Ad-Hoc|iPhoneSimulator = Ad-Hoc|iPhoneSimulator
		Ad-Hoc|x64 = Ad-Hoc|x64
		Ad-Hoc|x86 = Ad-Hoc|x86
		AppStore|Any CPU = AppStore|Any CPU
		AppStore|ARM = AppStore|ARM
		AppStore|iPhone = AppStore|iPhone
		AppStore|iPhoneSimulator = AppStore|iPhoneSimulator
		AppStore|x64 = AppStore|x64
		AppStore|x86 = AppStore|x86
		Debug|Any CPU = Debug|Any CPU
		Debug|ARM = Debug|ARM
		Debug|iPhone = Debug|iPhone
		Debug|iPhoneSimulator = Debug|iPhoneSimulator
		Debug|x64 = Debug|x64
		Debug|x86 = Debug|x86
		Release|Any CPU = Release|Any CPU
		Release|ARM = Release|ARM
		Release|iPhone = Release|iPhone
		Release|iPhoneSimulator = Release|iPhoneSimulator
		Release|x64 = Release|x64
		Release|x86 = Release|x86
	EndGlobalSection
	GlobalSection(ProjectConfigurationPlatforms) = postSolution
		{B9F0ACA3-4FDD-432C-A91E-93730510D28E}.Ad-Hoc|Any CPU.ActiveCfg = Debug|Any CPU
		{B9F0ACA3-4FDD-432C-A91E-93730510D28E}.Ad-Hoc|Any CPU.Build.0 = Debug|Any CPU
		{B9F0ACA3-4FDD-432C-A91E-93730510D28E}.Ad-Hoc|ARM.ActiveCfg = Debug|Any CPU
		{B9F0ACA3-4FDD-432C-A91E-93730510D28E}.Ad-Hoc|ARM.Build.0 = Debug|Any CPU
		{B9F0ACA3-4FDD-432C-A91E-93730510D28E}.Ad-Hoc|iPhone.ActiveCfg = Debug|Any CPU
		{B9F0ACA3-4FDD-432C-A91E-93730510D28E}.Ad-Hoc|iPhone.Build.0 = Debug|Any CPU
		{B9F0ACA3-4FDD-432C-A91E-93730510D28E}.Ad-Hoc|iPhoneSimulator.ActiveCfg = Debug|Any CPU
		{B9F0ACA3-4FDD-432C-A91E-93730510D28E}.Ad-Hoc|iPhoneSimulator.Build.0 = Debug|Any CPU
		{B9F0ACA3-4FDD-432C-A91E-93730510D28E}.Ad-Hoc|x64.ActiveCfg = Debug|Any CPU
		{B9F0ACA3-4FDD-432C-A91E-93730510D28E}.Ad-Hoc|x64.Build.0 = Debug|Any CPU
		{B9F0ACA3-4FDD-432C-A91E-93730510D28E}.Ad-Hoc|x86.ActiveCfg = Debug|Any CPU
		{B9F0ACA3-4FDD-432C-A91E-93730510D28E}.Ad-Hoc|x86.Build.0 = Debug|Any CPU
		{B9F0ACA3-4FDD-432C-A91E-93730510D28E}.AppStore|Any CPU.ActiveCfg = Debug|Any CPU
		{B9F0ACA3-4FDD-432C-A91E-93730510D28E}.AppStore|Any CPU.Build.0 = Debug|Any CPU
		{B9F0ACA3-4FDD-432C-A91E-93730510D28E}.AppStore|ARM.ActiveCfg = Debug|Any CPU
		{B9F0ACA3-4FDD-432C-A91E-93730510D28E}.AppStore|ARM.Build.0 = Debug|Any CPU
		{B9F0ACA3-4FDD-432C-A91E-93730510D28E}.AppStore|iPhone.ActiveCfg = Debug|Any CPU
		{B9F0ACA3-4FDD-432C-A91E-93730510D28E}.AppStore|iPhone.Build.0 = Debug|Any CPU
		{B9F0ACA3-4FDD-432C-A91E-93730510D28E}.AppStore|iPhoneSimulator.ActiveCfg = Debug|Any CPU
		{B9F0ACA3-4FDD-432C-A91E-93730510D28E}.AppStore|iPhoneSimulator.Build.0 = Debug|Any CPU
		{B9F0ACA3-4FDD-432C-A91E-93730510D28E}.AppStore|x64.ActiveCfg = Debug|Any CPU
		{B9F0ACA3-4FDD-432C-A91E-93730510D28E}.AppStore|x64.Build.0 = Debug|Any CPU
		{B9F0ACA3-4FDD-432C-A91E-93730510D28E}.AppStore|x86.ActiveCfg = Debug|Any CPU
		{B9F0ACA3-4FDD-432C-A91E-93730510D28E}.AppStore|x86.Build.0 = Debug|Any CPU
		{B9F0ACA3-4FDD-432C-A91E-93730510D28E}.Debug|Any CPU.ActiveCfg = Debug|Any CPU
		{B9F0ACA3-4FDD-432C-A91E-93730510D28E}.Debug|Any CPU.Build.0 = Debug|Any CPU
		{B9F0ACA3-4FDD-432C-A91E-93730510D28E}.Debug|ARM.ActiveCfg = Debug|Any CPU
		{B9F0ACA3-4FDD-432C-A91E-93730510D28E}.Debug|ARM.Build.0 = Debug|Any CPU
		{B9F0ACA3-4FDD-432C-A91E-93730510D28E}.Debug|iPhone.ActiveCfg = Debug|Any CPU
		{B9F0ACA3-4FDD-432C-A91E-93730510D28E}.Debug|iPhone.Build.0 = Debug|Any CPU
		{B9F0ACA3-4FDD-432C-A91E-93730510D28E}.Debug|iPhoneSimulator.ActiveCfg = Debug|Any CPU
		{B9F0ACA3-4FDD-432C-A91E-93730510D28E}.Debug|iPhoneSimulator.Build.0 = Debug|Any CPU
		{B9F0ACA3-4FDD-432C-A91E-93730510D28E}.Debug|x64.ActiveCfg = Debug|Any CPU
		{B9F0ACA3-4FDD-432C-A91E-93730510D28E}.Debug|x64.Build.0 = Debug|Any CPU
		{B9F0ACA3-4FDD-432C-A91E-93730510D28E}.Debug|x86.ActiveCfg = Debug|Any CPU
		{B9F0ACA3-4FDD-432C-A91E-93730510D28E}.Debug|x86.Build.0 = Debug|Any CPU
		{B9F0ACA3-4FDD-432C-A91E-93730510D28E}.Release|Any CPU.ActiveCfg = Release|Any CPU
		{B9F0ACA3-4FDD-432C-A91E-93730510D28E}.Release|Any CPU.Build.0 = Release|Any CPU
		{B9F0ACA3-4FDD-432C-A91E-93730510D28E}.Release|ARM.ActiveCfg = Release|Any CPU
		{B9F0ACA3-4FDD-432C-A91E-93730510D28E}.Release|ARM.Build.0 = Release|Any CPU
		{B9F0ACA3-4FDD-432C-A91E-93730510D28E}.Release|iPhone.ActiveCfg = Release|Any CPU
		{B9F0ACA3-4FDD-432C-A91E-93730510D28E}.Release|iPhone.Build.0 = Release|Any CPU
		{B9F0ACA3-4FDD-432C-A91E-93730510D28E}.Release|iPhoneSimulator.ActiveCfg = Release|Any CPU
		{B9F0ACA3-4FDD-432C-A91E-93730510D28E}.Release|iPhoneSimulator.Build.0 = Release|Any CPU
		{B9F0ACA3-4FDD-432C-A91E-93730510D28E}.Release|x64.ActiveCfg = Release|Any CPU
		{B9F0ACA3-4FDD-432C-A91E-93730510D28E}.Release|x64.Build.0 = Release|Any CPU
		{B9F0ACA3-4FDD-432C-A91E-93730510D28E}.Release|x86.ActiveCfg = Release|Any CPU
		{B9F0ACA3-4FDD-432C-A91E-93730510D28E}.Release|x86.Build.0 = Release|Any CPU
		{0056C72F-FA25-4B44-A0AC-A39924788273}.Ad-Hoc|Any CPU.ActiveCfg = Release|Any CPU
		{0056C72F-FA25-4B44-A0AC-A39924788273}.Ad-Hoc|Any CPU.Build.0 = Release|Any CPU
		{0056C72F-FA25-4B44-A0AC-A39924788273}.Ad-Hoc|Any CPU.Deploy.0 = Release|Any CPU
		{0056C72F-FA25-4B44-A0AC-A39924788273}.Ad-Hoc|ARM.ActiveCfg = Release|Any CPU
		{0056C72F-FA25-4B44-A0AC-A39924788273}.Ad-Hoc|ARM.Build.0 = Release|Any CPU
		{0056C72F-FA25-4B44-A0AC-A39924788273}.Ad-Hoc|ARM.Deploy.0 = Release|Any CPU
		{0056C72F-FA25-4B44-A0AC-A39924788273}.Ad-Hoc|iPhone.ActiveCfg = Release|Any CPU
		{0056C72F-FA25-4B44-A0AC-A39924788273}.Ad-Hoc|iPhone.Build.0 = Release|Any CPU
		{0056C72F-FA25-4B44-A0AC-A39924788273}.Ad-Hoc|iPhone.Deploy.0 = Release|Any CPU
		{0056C72F-FA25-4B44-A0AC-A39924788273}.Ad-Hoc|iPhoneSimulator.ActiveCfg = Release|Any CPU
		{0056C72F-FA25-4B44-A0AC-A39924788273}.Ad-Hoc|iPhoneSimulator.Build.0 = Release|Any CPU
		{0056C72F-FA25-4B44-A0AC-A39924788273}.Ad-Hoc|iPhoneSimulator.Deploy.0 = Release|Any CPU
		{0056C72F-FA25-4B44-A0AC-A39924788273}.Ad-Hoc|x64.ActiveCfg = Release|Any CPU
		{0056C72F-FA25-4B44-A0AC-A39924788273}.Ad-Hoc|x64.Build.0 = Release|Any CPU
		{0056C72F-FA25-4B44-A0AC-A39924788273}.Ad-Hoc|x64.Deploy.0 = Release|Any CPU
		{0056C72F-FA25-4B44-A0AC-A39924788273}.Ad-Hoc|x86.ActiveCfg = Release|Any CPU
		{0056C72F-FA25-4B44-A0AC-A39924788273}.Ad-Hoc|x86.Build.0 = Release|Any CPU
		{0056C72F-FA25-4B44-A0AC-A39924788273}.Ad-Hoc|x86.Deploy.0 = Release|Any CPU
		{0056C72F-FA25-4B44-A0AC-A39924788273}.AppStore|Any CPU.ActiveCfg = Release|Any CPU
		{0056C72F-FA25-4B44-A0AC-A39924788273}.AppStore|Any CPU.Build.0 = Release|Any CPU
		{0056C72F-FA25-4B44-A0AC-A39924788273}.AppStore|Any CPU.Deploy.0 = Release|Any CPU
		{0056C72F-FA25-4B44-A0AC-A39924788273}.AppStore|ARM.ActiveCfg = Release|Any CPU
		{0056C72F-FA25-4B44-A0AC-A39924788273}.AppStore|ARM.Build.0 = Release|Any CPU
		{0056C72F-FA25-4B44-A0AC-A39924788273}.AppStore|ARM.Deploy.0 = Release|Any CPU
		{0056C72F-FA25-4B44-A0AC-A39924788273}.AppStore|iPhone.ActiveCfg = Release|Any CPU
		{0056C72F-FA25-4B44-A0AC-A39924788273}.AppStore|iPhone.Build.0 = Release|Any CPU
		{0056C72F-FA25-4B44-A0AC-A39924788273}.AppStore|iPhone.Deploy.0 = Release|Any CPU
		{0056C72F-FA25-4B44-A0AC-A39924788273}.AppStore|iPhoneSimulator.ActiveCfg = Release|Any CPU
		{0056C72F-FA25-4B44-A0AC-A39924788273}.AppStore|iPhoneSimulator.Build.0 = Release|Any CPU
		{0056C72F-FA25-4B44-A0AC-A39924788273}.AppStore|iPhoneSimulator.Deploy.0 = Release|Any CPU
		{0056C72F-FA25-4B44-A0AC-A39924788273}.AppStore|x64.ActiveCfg = Release|Any CPU
		{0056C72F-FA25-4B44-A0AC-A39924788273}.AppStore|x64.Build.0 = Release|Any CPU
		{0056C72F-FA25-4B44-A0AC-A39924788273}.AppStore|x64.Deploy.0 = Release|Any CPU
		{0056C72F-FA25-4B44-A0AC-A39924788273}.AppStore|x86.ActiveCfg = Release|Any CPU
		{0056C72F-FA25-4B44-A0AC-A39924788273}.AppStore|x86.Build.0 = Release|Any CPU
		{0056C72F-FA25-4B44-A0AC-A39924788273}.AppStore|x86.Deploy.0 = Release|Any CPU
		{0056C72F-FA25-4B44-A0AC-A39924788273}.Debug|Any CPU.ActiveCfg = Debug|Any CPU
		{0056C72F-FA25-4B44-A0AC-A39924788273}.Debug|Any CPU.Build.0 = Debug|Any CPU
		{0056C72F-FA25-4B44-A0AC-A39924788273}.Debug|Any CPU.Deploy.0 = Debug|Any CPU
		{0056C72F-FA25-4B44-A0AC-A39924788273}.Debug|ARM.ActiveCfg = Debug|Any CPU
		{0056C72F-FA25-4B44-A0AC-A39924788273}.Debug|ARM.Build.0 = Debug|Any CPU
		{0056C72F-FA25-4B44-A0AC-A39924788273}.Debug|ARM.Deploy.0 = Debug|Any CPU
		{0056C72F-FA25-4B44-A0AC-A39924788273}.Debug|iPhone.ActiveCfg = Debug|Any CPU
		{0056C72F-FA25-4B44-A0AC-A39924788273}.Debug|iPhone.Build.0 = Debug|Any CPU
		{0056C72F-FA25-4B44-A0AC-A39924788273}.Debug|iPhone.Deploy.0 = Debug|Any CPU
		{0056C72F-FA25-4B44-A0AC-A39924788273}.Debug|iPhoneSimulator.ActiveCfg = Debug|Any CPU
		{0056C72F-FA25-4B44-A0AC-A39924788273}.Debug|iPhoneSimulator.Build.0 = Debug|Any CPU
		{0056C72F-FA25-4B44-A0AC-A39924788273}.Debug|iPhoneSimulator.Deploy.0 = Debug|Any CPU
		{0056C72F-FA25-4B44-A0AC-A39924788273}.Debug|x64.ActiveCfg = Debug|Any CPU
		{0056C72F-FA25-4B44-A0AC-A39924788273}.Debug|x64.Build.0 = Debug|Any CPU
		{0056C72F-FA25-4B44-A0AC-A39924788273}.Debug|x64.Deploy.0 = Debug|Any CPU
		{0056C72F-FA25-4B44-A0AC-A39924788273}.Debug|x86.ActiveCfg = Debug|Any CPU
		{0056C72F-FA25-4B44-A0AC-A39924788273}.Debug|x86.Build.0 = Debug|Any CPU
		{0056C72F-FA25-4B44-A0AC-A39924788273}.Debug|x86.Deploy.0 = Debug|Any CPU
		{0056C72F-FA25-4B44-A0AC-A39924788273}.Release|Any CPU.ActiveCfg = Release|Any CPU
		{0056C72F-FA25-4B44-A0AC-A39924788273}.Release|Any CPU.Build.0 = Release|Any CPU
		{0056C72F-FA25-4B44-A0AC-A39924788273}.Release|Any CPU.Deploy.0 = Release|Any CPU
		{0056C72F-FA25-4B44-A0AC-A39924788273}.Release|ARM.ActiveCfg = Release|Any CPU
		{0056C72F-FA25-4B44-A0AC-A39924788273}.Release|ARM.Build.0 = Release|Any CPU
		{0056C72F-FA25-4B44-A0AC-A39924788273}.Release|ARM.Deploy.0 = Release|Any CPU
		{0056C72F-FA25-4B44-A0AC-A39924788273}.Release|iPhone.ActiveCfg = Release|Any CPU
		{0056C72F-FA25-4B44-A0AC-A39924788273}.Release|iPhone.Build.0 = Release|Any CPU
		{0056C72F-FA25-4B44-A0AC-A39924788273}.Release|iPhone.Deploy.0 = Release|Any CPU
		{0056C72F-FA25-4B44-A0AC-A39924788273}.Release|iPhoneSimulator.ActiveCfg = Release|Any CPU
		{0056C72F-FA25-4B44-A0AC-A39924788273}.Release|iPhoneSimulator.Build.0 = Release|Any CPU
		{0056C72F-FA25-4B44-A0AC-A39924788273}.Release|iPhoneSimulator.Deploy.0 = Release|Any CPU
		{0056C72F-FA25-4B44-A0AC-A39924788273}.Release|x64.ActiveCfg = Release|Any CPU
		{0056C72F-FA25-4B44-A0AC-A39924788273}.Release|x64.Build.0 = Release|Any CPU
		{0056C72F-FA25-4B44-A0AC-A39924788273}.Release|x64.Deploy.0 = Release|Any CPU
		{0056C72F-FA25-4B44-A0AC-A39924788273}.Release|x86.ActiveCfg = Release|Any CPU
		{0056C72F-FA25-4B44-A0AC-A39924788273}.Release|x86.Build.0 = Release|Any CPU
		{0056C72F-FA25-4B44-A0AC-A39924788273}.Release|x86.Deploy.0 = Release|Any CPU
		{C85142E9-6BB5-4032-939D-F41E7A4FBFA2}.Ad-Hoc|Any CPU.ActiveCfg = Ad-Hoc|iPhone
		{C85142E9-6BB5-4032-939D-F41E7A4FBFA2}.Ad-Hoc|ARM.ActiveCfg = Ad-Hoc|iPhone
		{C85142E9-6BB5-4032-939D-F41E7A4FBFA2}.Ad-Hoc|iPhone.ActiveCfg = Ad-Hoc|iPhone
		{C85142E9-6BB5-4032-939D-F41E7A4FBFA2}.Ad-Hoc|iPhone.Build.0 = Ad-Hoc|iPhone
		{C85142E9-6BB5-4032-939D-F41E7A4FBFA2}.Ad-Hoc|iPhoneSimulator.ActiveCfg = Ad-Hoc|iPhoneSimulator
		{C85142E9-6BB5-4032-939D-F41E7A4FBFA2}.Ad-Hoc|iPhoneSimulator.Build.0 = Ad-Hoc|iPhoneSimulator
		{C85142E9-6BB5-4032-939D-F41E7A4FBFA2}.Ad-Hoc|x64.ActiveCfg = Ad-Hoc|iPhone
		{C85142E9-6BB5-4032-939D-F41E7A4FBFA2}.Ad-Hoc|x86.ActiveCfg = Ad-Hoc|iPhone
		{C85142E9-6BB5-4032-939D-F41E7A4FBFA2}.AppStore|Any CPU.ActiveCfg = AppStore|iPhone
		{C85142E9-6BB5-4032-939D-F41E7A4FBFA2}.AppStore|ARM.ActiveCfg = AppStore|iPhone
		{C85142E9-6BB5-4032-939D-F41E7A4FBFA2}.AppStore|iPhone.ActiveCfg = AppStore|iPhone
		{C85142E9-6BB5-4032-939D-F41E7A4FBFA2}.AppStore|iPhone.Build.0 = AppStore|iPhone
		{C85142E9-6BB5-4032-939D-F41E7A4FBFA2}.AppStore|iPhoneSimulator.ActiveCfg = AppStore|iPhoneSimulator
		{C85142E9-6BB5-4032-939D-F41E7A4FBFA2}.AppStore|iPhoneSimulator.Build.0 = AppStore|iPhoneSimulator
		{C85142E9-6BB5-4032-939D-F41E7A4FBFA2}.AppStore|x64.ActiveCfg = AppStore|iPhone
		{C85142E9-6BB5-4032-939D-F41E7A4FBFA2}.AppStore|x86.ActiveCfg = AppStore|iPhone
		{C85142E9-6BB5-4032-939D-F41E7A4FBFA2}.Debug|Any CPU.ActiveCfg = Debug|iPhone
		{C85142E9-6BB5-4032-939D-F41E7A4FBFA2}.Debug|ARM.ActiveCfg = Debug|iPhone
		{C85142E9-6BB5-4032-939D-F41E7A4FBFA2}.Debug|iPhone.ActiveCfg = Debug|iPhone
		{C85142E9-6BB5-4032-939D-F41E7A4FBFA2}.Debug|iPhone.Build.0 = Debug|iPhone
		{C85142E9-6BB5-4032-939D-F41E7A4FBFA2}.Debug|iPhoneSimulator.ActiveCfg = Debug|iPhoneSimulator
		{C85142E9-6BB5-4032-939D-F41E7A4FBFA2}.Debug|iPhoneSimulator.Build.0 = Debug|iPhoneSimulator
		{C85142E9-6BB5-4032-939D-F41E7A4FBFA2}.Debug|x64.ActiveCfg = Debug|iPhone
		{C85142E9-6BB5-4032-939D-F41E7A4FBFA2}.Debug|x86.ActiveCfg = Debug|iPhone
		{C85142E9-6BB5-4032-939D-F41E7A4FBFA2}.Release|Any CPU.ActiveCfg = Release|iPhone
		{C85142E9-6BB5-4032-939D-F41E7A4FBFA2}.Release|ARM.ActiveCfg = Release|iPhone
		{C85142E9-6BB5-4032-939D-F41E7A4FBFA2}.Release|iPhone.ActiveCfg = Release|iPhone
		{C85142E9-6BB5-4032-939D-F41E7A4FBFA2}.Release|iPhone.Build.0 = Release|iPhone
		{C85142E9-6BB5-4032-939D-F41E7A4FBFA2}.Release|iPhoneSimulator.ActiveCfg = Release|iPhoneSimulator
		{C85142E9-6BB5-4032-939D-F41E7A4FBFA2}.Release|iPhoneSimulator.Build.0 = Release|iPhoneSimulator
		{C85142E9-6BB5-4032-939D-F41E7A4FBFA2}.Release|x64.ActiveCfg = Release|iPhone
		{C85142E9-6BB5-4032-939D-F41E7A4FBFA2}.Release|x86.ActiveCfg = Release|iPhone
	EndGlobalSection
	GlobalSection(SolutionProperties) = preSolution
		HideSolutionNode = FALSE
	EndGlobalSection
	GlobalSection(ExtensibilityGlobals) = postSolution
		SolutionGuid = {D04639C4-BDD0-46C4-B281-9918ABE2296E}
	EndGlobalSection
EndGlobal
